
Microsoft Visual Studio Solution File, Format Version 12.00
# Visual Studio 15
VisualStudioVersion = 15.0.28010.2041
MinimumVisualStudioVersion = 10.0.40219.1
Project("{FAE04EC0-301F-11D3-BF4B-00C04F79EFBC}") = "MongoCRUD", "MongoCRUD.csproj", "{8C00A739-0055-475A-8EEB-89A31035997C}"
EndProject
Project("{FAE04EC0-301F-11D3-BF4B-00C04F79EFBC}") = "MongoCRUDTests", "..\MongoCRUDTests\MongoCRUDTests.csproj", "{90E36D48-64D8-4A7B-BB60-D3619131445E}"
EndProject
Project("{FAE04EC0-301F-11D3-BF4B-00C04F79EFBC}") = "IntegrationTest", "..\IntegrationTest\IntegrationTest.csproj", "{3A0B7708-544B-499D-BABA-36B97267B620}"
EndProject
Global
	GlobalSection(SolutionConfigurationPlatforms) = preSolution
		Debug|Any CPU = Debug|Any CPU
		Release|Any CPU = Release|Any CPU
	EndGlobalSection
	GlobalSection(ProjectConfigurationPlatforms) = postSolution
		{8C00A739-0055-475A-8EEB-89A31035997C}.Debug|Any CPU.ActiveCfg = Debug|Any CPU
		{8C00A739-0055-475A-8EEB-89A31035997C}.Debug|Any CPU.Build.0 = Debug|Any CPU
		{8C00A739-0055-475A-8EEB-89A31035997C}.Release|Any CPU.ActiveCfg = Release|Any CPU
		{8C00A739-0055-475A-8EEB-89A31035997C}.Release|Any CPU.Build.0 = Release|Any CPU
		{90E36D48-64D8-4A7B-BB60-D3619131445E}.Debug|Any CPU.ActiveCfg = Debug|Any CPU
		{90E36D48-64D8-4A7B-BB60-D3619131445E}.Debug|Any CPU.Build.0 = Debug|Any CPU
		{90E36D48-64D8-4A7B-BB60-D3619131445E}.Release|Any CPU.ActiveCfg = Release|Any CPU
		{90E36D48-64D8-4A7B-BB60-D3619131445E}.Release|Any CPU.Build.0 = Release|Any CPU
		{3A0B7708-544B-499D-BABA-36B97267B620}.Debug|Any CPU.ActiveCfg = Debug|Any CPU
		{3A0B7708-544B-499D-BABA-36B97267B620}.Debug|Any CPU.Build.0 = Debug|Any CPU
		{3A0B7708-544B-499D-BABA-36B97267B620}.Release|Any CPU.ActiveCfg = Release|Any CPU
		{3A0B7708-544B-499D-BABA-36B97267B620}.Release|Any CPU.Build.0 = Release|Any CPU
	EndGlobalSection
	GlobalSection(SolutionProperties) = preSolution
		HideSolutionNode = FALSE
	EndGlobalSection
	GlobalSection(ExtensibilityGlobals) = postSolution
		SolutionGuid = {6F615E5F-4888-4ADD-8862-2F6080A068B0}
	EndGlobalSection
EndGlobal
